schema: '2.0'
stages:
  data_ingestion:
    cmd: python3 src/data/data_ingestion.py
    deps:
    - path: src/data/data_ingestion.py
      hash: md5
      md5: 53595790ecf56b43236177cb63fdece6
      size: 3453
    outs:
    - path: data/raw
      hash: md5
      md5: 6d7c9717b531961233cd66af69381384.dir
      size: 817597
      nfiles: 2
  data_preprocessing:
    cmd: python3 src/data/data_preprocessing.py
    deps:
    - path: data/raw
      hash: md5
      md5: 6d7c9717b531961233cd66af69381384.dir
      size: 817597
      nfiles: 2
    - path: src/data/data_preprocessing.py
      hash: md5
      md5: f4e58136ae630118941b0b068a82184f
      size: 3897
    outs:
    - path: data/interim
      hash: md5
      md5: 94e5f89803f9da6e0be502e0765c11ba.dir
      size: 555834
      nfiles: 2
  feature_engineering:
    cmd: python3 src/features/feature_engineering.py
    deps:
    - path: data/interim
      hash: md5
      md5: 94e5f89803f9da6e0be502e0765c11ba.dir
      size: 555834
      nfiles: 2
    - path: src/features/feature_engineering.py
      hash: md5
      md5: 52d0ba22e11c0e8514f28fd088347e11
      size: 3660
    outs:
    - path: data/processed
      hash: md5
      md5: 951519e023be51b18fcccc65b6e07546.dir
      size: 208637555
      nfiles: 2
  model_building:
    cmd: python3 src/models/model_building.py
    deps:
    - path: data/processed/train_tfidf.csv
      hash: md5
      md5: 1ceb781d883eb223e8a3d3001f929342
      size: 166904404
    - path: src/models/model_building.py
      hash: md5
      md5: 12448dd003a84f7d3289bda3d2201701
      size: 2990
    outs:
    - path: models/model.pkl
      hash: md5
      md5: 5c4c5c8bf2c979e6ad3b0e4ceb65b40e
      size: 625141
  model_evaluation:
    cmd: python3 src/models/model_evaluation.py
    deps:
    - path: data/processed/test_tfidf.csv
      hash: md5
      md5: 55cae479c4d9dff39854d7f1ed82b59f
      size: 41733151
    - path: models/model.pkl
      hash: md5
      md5: 5c4c5c8bf2c979e6ad3b0e4ceb65b40e
      size: 625141
    - path: src/models/model_evaluation.py
      hash: md5
      md5: 1e6aaa3d09070fbd2c19a80591c9bed7
      size: 3291
    outs:
    - path: reports/metrics.json
      hash: md5
      md5: add31764de0b8a736646a2e072af1b2b
      size: 140
